
Microsoft Visual Studio Solution File, Format Version 12.00
# Visual Studio Version 17
VisualStudioVersion = 17.2.32630.192
MinimumVisualStudioVersion = 10.0.40219.1
Project("{FAE04EC0-301F-11D3-BF4B-00C04F79EFBC}") = "LanguageTranslator", "LanguageTranslator\LanguageTranslator.csproj", "{94ED1BA4-F9C2-48BA-A2F8-3258F7F1CE4C}"
EndProject
Global
	GlobalSection(SolutionConfigurationPlatforms) = preSolution
		Debug|Any CPU = Debug|Any CPU
		Release|Any CPU = Release|Any CPU
	EndGlobalSection
	GlobalSection(ProjectConfigurationPlatforms) = postSolution
		{94ED1BA4-F9C2-48BA-A2F8-3258F7F1CE4C}.Debug|Any CPU.ActiveCfg = Debug|Any CPU
		{94ED1BA4-F9C2-48BA-A2F8-3258F7F1CE4C}.Debug|Any CPU.Build.0 = Debug|Any CPU
		{94ED1BA4-F9C2-48BA-A2F8-3258F7F1CE4C}.Release|Any CPU.ActiveCfg = Release|Any CPU
		{94ED1BA4-F9C2-48BA-A2F8-3258F7F1CE4C}.Release|Any CPU.Build.0 = Release|Any CPU
	EndGlobalSection
	GlobalSection(SolutionProperties) = preSolution
		HideSolutionNode = FALSE
	EndGlobalSection
	GlobalSection(ExtensibilityGlobals) = postSolution
		SolutionGuid = {372686C8-00EA-481C-84F3-BA12618FEFF1}
	EndGlobalSection
EndGlobal
